
Microsoft Visual Studio Solution File, Format Version 12.00
# Visual Studio Version 16
VisualStudioVersion = 16.0.31402.337
MinimumVisualStudioVersion = 10.0.40219.1
Project("{FAE04EC0-301F-11D3-BF4B-00C04F79EFBC}") = "Lab4", "Lab4\Lab4.csproj", "{F7A2247C-4574-44B3-A6FF-BB5CBE21513F}"
EndProject
Global
	GlobalSection(SolutionConfigurationPlatforms) = preSolution
		Debug|Any CPU = Debug|Any CPU
		Release|Any CPU = Release|Any CPU
	EndGlobalSection
	GlobalSection(ProjectConfigurationPlatforms) = postSolution
		{F7A2247C-4574-44B3-A6FF-BB5CBE21513F}.Debug|Any CPU.ActiveCfg = Debug|Any CPU
		{F7A2247C-4574-44B3-A6FF-BB5CBE21513F}.Debug|Any CPU.Build.0 = Debug|Any CPU
		{F7A2247C-4574-44B3-A6FF-BB5CBE21513F}.Release|Any CPU.ActiveCfg = Release|Any CPU
		{F7A2247C-4574-44B3-A6FF-BB5CBE21513F}.Release|Any CPU.Build.0 = Release|Any CPU
	EndGlobalSection
	GlobalSection(SolutionProperties) = preSolution
		HideSolutionNode = FALSE
	EndGlobalSection
	GlobalSection(ExtensibilityGlobals) = postSolution
		SolutionGuid = {7F81A899-B933-49A4-B93C-BAEDCFC83F3F}
	EndGlobalSection
EndGlobal
